// !$*UTF8*$!
{
	archiveVersion = 1;
	classes = {
	};
	objectVersion = 50;
	objects = {

/* Begin PBXBuildFile section */
		EF8E6BFD24FAAA4000E3C2CA /* AppDelegate.swift in Sources */ = {isa = PBXBuildFile; fileRef = EF8E6BFC24FAAA4000E3C2CA /* AppDelegate.swift */; };
		EF8E6BFF24FAAA4000E3C2CA /* SceneDelegate.swift in Sources */ = {isa = PBXBuildFile; fileRef = EF8E6BFE24FAAA4000E3C2CA /* SceneDelegate.swift */; };
		EF8E6C0124FAAA4000E3C2CA /* ContentView.swift in Sources */ = {isa = PBXBuildFile; fileRef = EF8E6C0024FAAA4000E3C2CA /* ContentView.swift */; };
		EF8E6C0324FAAA4300E3C2CA /* Assets.xcassets in Resources */ = {isa = PBXBuildFile; fileRef = EF8E6C0224FAAA4300E3C2CA /* Assets.xcassets */; };
		EF8E6C0624FAAA4300E3C2CA /* Preview Assets.xcassets in Resources */ = {isa = PBXBuildFile; fileRef = EF8E6C0524FAAA4300E3C2CA /* Preview Assets.xcassets */; };
		EF8E6C0924FAAA4300E3C2CA /* LaunchScreen.storyboard in Resources */ = {isa = PBXBuildFile; fileRef = EF8E6C0724FAAA4300E3C2CA /* LaunchScreen.storyboard */; };
		EF8E6C1224FAACFA00E3C2CA /* Dancing_Script in Resources */ = {isa = PBXBuildFile; fileRef = EF8E6C1124FAACFA00E3C2CA /* Dancing_Script */; };
		EF8E6C1424FAAEF600E3C2CA /* Pacifico in Resources */ = {isa = PBXBuildFile; fileRef = EF8E6C1324FAAEF600E3C2CA /* Pacifico */; };
		EF8E6C1624FAC3C100E3C2CA /* InfoView.swift in Sources */ = {isa = PBXBuildFile; fileRef = EF8E6C1524FAC3C100E3C2CA /* InfoView.swift */; };
/* End PBXBuildFile section */

/* Begin PBXFileReference section */
		EF8E6BF924FAAA4000E3C2CA /* KanikaCard.app */ = {isa = PBXFileReference; explicitFileType = wrapper.application; includeInIndex = 0; path = KanikaCard.app; sourceTree = BUILT_PRODUCTS_DIR; };
		EF8E6BFC24FAAA4000E3C2CA /* AppDelegate.swift */ = {isa = PBXFileReference; lastKnownFileType = sourcecode.swift; path = AppDelegate.swift; sourceTree = "<group>"; };
		EF8E6BFE24FAAA4000E3C2CA /* SceneDelegate.swift */ = {isa = PBXFileReference; lastKnownFileType = sourcecode.swift; path = SceneDelegate.swift; sourceTree = "<group>"; };
		EF8E6C0024FAAA4000E3C2CA /* ContentView.swift */ = {isa = PBXFileReference; lastKnownFileType = sourcecode.swift; path = ContentView.swift; sourceTree = "<group>"; };
		EF8E6C0224FAAA4300E3C2CA /* Assets.xcassets */ = {isa = PBXFileReference; lastKnownFileType = folder.assetcatalog; path = Assets.xcassets; sourceTree = "<group>"; };
		EF8E6C0524FAAA4300E3C2CA /* Preview Assets.xcassets */ = {isa = PBXFileReference; lastKnownFileType = folder.assetcatalog; path = "Preview Assets.xcassets"; sourceTree = "<group>"; };
		EF8E6C0824FAAA4300E3C2CA /* Base */ = {isa = PBXFileReference; lastKnownFileType = file.storyboard; name = Base; path = Base.lproj/LaunchScreen.storyboard; sourceTree = "<group>"; };
		EF8E6C0A24FAAA4300E3C2CA /* Info.plist */ = {isa = PBXFileReference; lastKnownFileType = text.plist.xml; path = Info.plist; sourceTree = "<group>"; };
		EF8E6C1124FAACFA00E3C2CA /* Dancing_Script */ = {isa = PBXFileReference; lastKnownFileType = folder; path = Dancing_Script; sourceTree = "<group>"; };
		EF8E6C1324FAAEF600E3C2CA /* Pacifico */ = {isa = PBXFileReference; lastKnownFileType = folder; path = Pacifico; sourceTree = "<group>"; };
		EF8E6C1524FAC3C100E3C2CA /* InfoView.swift */ = {isa = PBXFileReference; lastKnownFileType = sourcecode.swift; path = InfoView.swift; sourceTree = "<group>"; };
/* End PBXFileReference section */

/* Begin PBXFrameworksBuildPhase section */
		EF8E6BF624FAAA4000E3C2CA /* Frameworks */ = {
			isa = PBXFrameworksBuildPhase;
			buildActionMask = 2147483647;
			files = (
			);
			runOnlyForDeploymentPostprocessing = 0;
		};
/* End PBXFrameworksBuildPhase section */

/* Begin PBXGroup section */
		EF8E6BF024FAAA4000E3C2CA = {
			isa = PBXGroup;
			children = (
				EF8E6BFB24FAAA4000E3C2CA /* KanikaCard */,
				EF8E6BFA24FAAA4000E3C2CA /* Products */,
			);
			sourceTree = "<group>";
		};
		EF8E6BFA24FAAA4000E3C2CA /* Products */ = {
			isa = PBXGroup;
			children = (
				EF8E6BF924FAAA4000E3C2CA /* KanikaCard.app */,
			);
			name = Products;
			sourceTree = "<group>";
		};
		EF8E6BFB24FAAA4000E3C2CA /* KanikaCard */ = {
			isa = PBXGroup;
			children = (
				EF8E6BFC24FAAA4000E3C2CA /* AppDelegate.swift */,
				EF8E6C1024FAACE200E3C2CA /* Fonts */,
				EF8E6BFE24FAAA4000E3C2CA /* SceneDelegate.swift */,
				EF8E6C1524FAC3C100E3C2CA /* InfoView.swift */,
				EF8E6C0024FAAA4000E3C2CA /* ContentView.swift */,
				EF8E6C0224FAAA4300E3C2CA /* Assets.xcassets */,
				EF8E6C0724FAAA4300E3C2CA /* LaunchScreen.storyboard */,
				EF8E6C0A24FAAA4300E3C2CA /* Info.plist */,
				EF8E6C0424FAAA4300E3C2CA /* Preview Content */,
			);
			path = KanikaCard;
			sourceTree = "<group>";
		};
		EF8E6C0424FAAA4300E3C2CA /* Preview Content */ = {
			isa = PBXGroup;
			children = (
				EF8E6C0524FAAA4300E3C2CA /* Preview Assets.xcassets */,
			);
			path = "Preview Content";
			sourceTree = "<group>";
		};
		EF8E6C1024FAACE200E3C2CA /* Fonts */ = {
			isa = PBXGroup;
			children = (
				EF8E6C1324FAAEF600E3C2CA /* Pacifico */,
				EF8E6C1124FAACFA00E3C2CA /* Dancing_Script */,
			);
			path = Fonts;
			sourceTree = "<group>";
		};
/* End PBXGroup section */

/* Begin PBXNativeTarget section */
		EF8E6BF824FAAA4000E3C2CA /* KanikaCard */ = {
			isa = PBXNativeTarget;
			buildConfigurationList = EF8E6C0D24FAAA4300E3C2CA /* Build configuration list for PBXNativeTarget "KanikaCard" */;
			buildPhases = (
				EF8E6BF524FAAA4000E3C2CA /* Sources */,
				EF8E6BF624FAAA4000E3C2CA /* Frameworks */,
				EF8E6BF724FAAA4000E3C2CA /* Resources */,
			);
			buildRules = (
			);
			dependencies = (
			);
			name = KanikaCard;
			productName = KanikaCard;
			productReference = EF8E6BF924FAAA4000E3C2CA /* KanikaCard.app */;
			productType = "com.apple.product-type.application";
		};
/* End PBXNativeTarget section */

/* Begin PBXProject section */
		EF8E6BF124FAAA4000E3C2CA /* Project object */ = {
			isa = PBXProject;
			attributes = {
				LastSwiftUpdateCheck = 1160;
				LastUpgradeCheck = 1160;
				ORGANIZATIONNAME = "Kanika Ratra";
				TargetAttributes = {
					EF8E6BF824FAAA4000E3C2CA = {
						CreatedOnToolsVersion = 11.6;
					};
				};
			};
			buildConfigurationList = EF8E6BF424FAAA4000E3C2CA /* Build configuration list for PBXProject "KanikaCard" */;
			compatibilityVersion = "Xcode 9.3";
			developmentRegion = en;
			hasScannedForEncodings = 0;
			knownRegions = (
				en,
				Base,
			);
			mainGroup = EF8E6BF024FAAA4000E3C2CA;
			productRefGroup = EF8E6BFA24FAAA4000E3C2CA /* Products */;
			projectDirPath = "";
			projectRoot = "";
			targets = (
				EF8E6BF824FAAA4000E3C2CA /* KanikaCard */,
			);
		};
/* End PBXProject section */

/* Begin PBXResourcesBuildPhase section */
		EF8E6BF724FAAA4000E3C2CA /* Resources */ = {
			isa = PBXResourcesBuildPhase;
			buildActionMask = 2147483647;
			files = (
				EF8E6C0924FAAA4300E3C2CA /* LaunchScreen.storyboard in Resources */,
				EF8E6C0624FAAA4300E3C2CA /* Preview Assets.xcassets in Resources */,
				EF8E6C1224FAACFA00E3C2CA /* Dancing_Script in Resources */,
				EF8E6C0324FAAA4300E3C2CA /* Assets.xcassets in Resources */,
				EF8E6C1424FAAEF600E3C2CA /* Pacifico in Resources */,
			);
			runOnlyForDeploymentPostprocessing = 0;
		};
/* End PBXResourcesBuildPhase section */

/* Begin PBXSourcesBuildPhase section */
		EF8E6BF524FAAA4000E3C2CA /* Sources */ = {
			isa = PBXSourcesBuildPhase;
			buildActionMask = 2147483647;
			files = (
				EF8E6C1624FAC3C100E3C2CA /* InfoView.swift in Sources */,
				EF8E6BFD24FAAA4000E3C2CA /* AppDelegate.swift in Sources */,
				EF8E6BFF24FAAA4000E3C2CA /* SceneDelegate.swift in Sources */,
				EF8E6C0124FAAA4000E3C2CA /* ContentView.swift in Sources */,
			);
			runOnlyForDeploymentPostprocessing = 0;
		};
/* End PBXSourcesBuildPhase section */

/* Begin PBXVariantGroup section */
		EF8E6C0724FAAA4300E3C2CA /* LaunchScreen.storyboard */ = {
			isa = PBXVariantGroup;
			children = (
				EF8E6C0824FAAA4300E3C2CA /* Base */,
			);
			name = LaunchScreen.storyboard;
			sourceTree = "<group>";
		};
/* End PBXVariantGroup section */

/* Begin XCBuildConfiguration section */
		EF8E6C0B24FAAA4300E3C2CA /* Debug */ = {
			isa = XCBuildConfiguration;
			buildSettings = {
				ALWAYS_SEARCH_USER_PATHS = NO;
				CLANG_ANALYZER_NONNULL = YES;
				CLANG_ANALYZER_NUMBER_OBJECT_CONVERSION = YES_AGGRESSIVE;
				CLANG_CXX_LANGUAGE_STANDARD = "gnu++14";
				CLANG_CXX_LIBRARY = "libc++";
				CLANG_ENABLE_MODULES = YES;
				CLANG_ENABLE_OBJC_ARC = YES;
				CLANG_ENABLE_OBJC_WEAK = YES;
				CLANG_WARN_BLOCK_CAPTURE_AUTORELEASING = YES;
				CLANG_WARN_BOOL_CONVERSION = YES;
				CLANG_WARN_COMMA = YES;
				CLANG_WARN_CONSTANT_CONVERSION = YES;
				CLANG_WARN_DEPRECATED_OBJC_IMPLEMENTATIONS = YES;
				CLANG_WARN_DIRECT_OBJC_ISA_USAGE = YES_ERROR;
				CLANG_WARN_DOCUMENTATION_COMMENTS = YES;
				CLANG_WARN_EMPTY_BODY = YES;
				CLANG_WARN_ENUM_CONVERSION = YES;
				CLANG_WARN_INFINITE_RECURSION = YES;
				CLANG_WARN_INT_CONVERSION = YES;
				CLANG_WARN_NON_LITERAL_NULL_CONVERSION = YES;
				CLANG_WARN_OBJC_IMPLICIT_RETAIN_SELF = YES;
				CLANG_WARN_OBJC_LITERAL_CONVERSION = YES;
				CLANG_WARN_OBJC_ROOT_CLASS = YES_ERROR;
				CLANG_WARN_RANGE_LOOP_ANALYSIS = YES;
				CLANG_WARN_STRICT_PROTOTYPES = YES;
				CLANG_WARN_SUSPICIOUS_MOVE = YES;
				CLANG_WARN_UNGUARDED_AVAILABILITY = YES_AGGRESSIVE;
				CLANG_WARN_UNREACHABLE_CODE = YES;
				CLANG_WARN__DUPLICATE_METHOD_MATCH = YES;
				COPY_PHASE_STRIP = NO;
				DEBUG_INFORMATION_FORMAT = dwarf;
				ENABLE_STRICT_OBJC_MSGSEND = YES;
				ENABLE_TESTABILITY = YES;
				GCC_C_LANGUAGE_STANDARD = gnu11;
				GCC_DYNAMIC_NO_PIC = NO;
				GCC_NO_COMMON_BLOCKS = YES;
				GCC_OPTIMIZATION_LEVEL = 0;
				GCC_PREPROCESSOR_DEFINITIONS = (
					"DEBUG=1",
					"$(inherited)",
				);
				GCC_WARN_64_TO_32_BIT_CONVERSION = YES;
				GCC_WARN_ABOUT_RETURN_TYPE = YES_ERROR;
				GCC_WARN_UNDECLARED_SELECTOR = YES;
				GCC_WARN_UNINITIALIZED_AUTOS = YES_AGGRESSIVE;
				GCC_WARN_UNUSED_FUNCTION = YES;
				GCC_WARN_UNUSED_VARIABLE = YES;
				IPHONEOS_DEPLOYMENT_TARGET = 13.6;
				MTL_ENABLE_DEBUG_INFO = INCLUDE_SOURCE;
				MTL_FAST_MATH = YES;
				ONLY_ACTIVE_ARCH = YES;
				SDKROOT = iphoneos;
				SWIFT_ACTIVE_COMPILATION_CONDITIONS = DEBUG;
				SWIFT_OPTIMIZATION_LEVEL = "-Onone";
			};
			name = Debug;
		};
		EF8E6C0C24FAAA4300E3C2CA /* Release */ = {
			isa = XCBuildConfiguration;
			buildSettings = {
				ALWAYS_SEARCH_USER_PATHS = NO;
				CLANG_ANALYZER_NONNULL = YES;
				CLANG_ANALYZER_NUMBER_OBJECT_CONVERSION = YES_AGGRESSIVE;
				CLANG_CXX_LANGUAGE_STANDARD = "gnu++14";
				CLANG_CXX_LIBRARY = "libc++";
				CLANG_ENABLE_MODULES = YES;
				CLANG_ENABLE_OBJC_ARC = YES;
				CLANG_ENABLE_OBJC_WEAK = YES;
				CLANG_WARN_BLOCK_CAPTURE_AUTORELEASING = YES;
				CLANG_WARN_BOOL_CONVERSION = YES;
				CLANG_WARN_COMMA = YES;
				CLANG_WARN_CONSTANT_CONVERSION = YES;
				CLANG_WARN_DEPRECATED_OBJC_IMPLEMENTATIONS = YES;
				CLANG_WARN_DIRECT_OBJC_ISA_USAGE = YES_ERROR;
				CLANG_WARN_DOCUMENTATION_COMMENTS = YES;
				CLANG_WARN_EMPTY_BODY = YES;
				CLANG_WARN_ENUM_CONVERSION = YES;
				CLANG_WARN_INFINITE_RECURSION = YES;
				CLANG_WARN_INT_CONVERSION = YES;
				CLANG_WARN_NON_LITERAL_NULL_CONVERSION = YES;
				CLANG_WARN_OBJC_IMPLICIT_RETAIN_SELF = YES;
				CLANG_WARN_OBJC_LITERAL_CONVERSION = YES;
				CLANG_WARN_OBJC_ROOT_CLASS = YES_ERROR;
				CLANG_WARN_RANGE_LOOP_ANALYSIS = YES;
				CLANG_WARN_STRICT_PROTOTYPES = YES;
				CLANG_WARN_SUSPICIOUS_MOVE = YES;
				CLANG_WARN_UNGUARDED_AVAILABILITY = YES_AGGRESSIVE;
				CLANG_WARN_UNREACHABLE_CODE = YES;
				CLANG_WARN__DUPLICATE_METHOD_MATCH = YES;
				COPY_PHASE_STRIP = NO;
				DEBUG_INFORMATION_FORMAT = "dwarf-with-dsym";
				ENABLE_NS_ASSERTIONS = NO;
				ENABLE_STRICT_OBJC_MSGSEND = YES;
				GCC_C_LANGUAGE_STANDARD = gnu11;
				GCC_NO_COMMON_BLOCKS = YES;
				GCC_WARN_64_TO_32_BIT_CONVERSION = YES;
				GCC_WARN_ABOUT_RETURN_TYPE = YES_ERROR;
				GCC_WARN_UNDECLARED_SELECTOR = YES;
				GCC_WARN_UNINITIALIZED_AUTOS = YES_AGGRESSIVE;
				GCC_WARN_UNUSED_FUNCTION = YES;
				GCC_WARN_UNUSED_VARIABLE = YES;
				IPHONEOS_DEPLOYMENT_TARGET = 13.6;
				MTL_ENABLE_DEBUG_INFO = NO;
				MTL_FAST_MATH = YES;
				SDKROOT = iphoneos;
				SWIFT_COMPILATION_MODE = wholemodule;
				SWIFT_OPTIMIZATION_LEVEL = "-O";
				VALIDATE_PRODUCT = YES;
			};
			name = Release;
		};
		EF8E6C0E24FAAA4300E3C2CA /* Debug */ = {
			isa = XCBuildConfiguration;
			buildSettings = {
				ASSETCATALOG_COMPILER_APPICON_NAME = AppIcon;
				CODE_SIGN_STYLE = Automatic;
				DEVELOPMENT_ASSET_PATHS = "\"KanikaCard/Preview Content\"";
				ENABLE_PREVIEWS = YES;
				INFOPLIST_FILE = KanikaCard/Info.plist;
				LD_RUNPATH_SEARCH_PATHS = (
					"$(inherited)",
					"@executable_path/Frameworks",
				);
				PRODUCT_BUNDLE_IDENTIFIER = com.kanika.KanikaCard;
				PRODUCT_NAME = "$(TARGET_NAME)";
				SWIFT_VERSION = 5.0;
				TARGETED_DEVICE_FAMILY = "1,2";
			};
			name = Debug;
		};
		EF8E6C0F24FAAA4300E3C2CA /* Release */ = {
			isa = XCBuildConfiguration;
			buildSettings = {
				ASSETCATALOG_COMPILER_APPICON_NAME = AppIcon;
				CODE_SIGN_STYLE = Automatic;
				DEVELOPMENT_ASSET_PATHS = "\"KanikaCard/Preview Content\"";
				ENABLE_PREVIEWS = YES;
				INFOPLIST_FILE = KanikaCard/Info.plist;
				LD_RUNPATH_SEARCH_PATHS = (
					"$(inherited)",
					"@executable_path/Frameworks",
				);
				PRODUCT_BUNDLE_IDENTIFIER = com.kanika.KanikaCard;
				PRODUCT_NAME = "$(TARGET_NAME)";
				SWIFT_VERSION = 5.0;
				TARGETED_DEVICE_FAMILY = "1,2";
			};
			name = Release;
		};
/* End XCBuildConfiguration section */

/* Begin XCConfigurationList section */
		EF8E6BF424FAAA4000E3C2CA /* Build configuration list for PBXProject "KanikaCard" */ = {
			isa = XCConfigurationList;
			buildConfigurations = (
				EF8E6C0B24FAAA4300E3C2CA /* Debug */,
				EF8E6C0C24FAAA4300E3C2CA /* Release */,
			);
			defaultConfigurationIsVisible = 0;
			defaultConfigurationName = Release;
		};
		EF8E6C0D24FAAA4300E3C2CA /* Build configuration list for PBXNativeTarget "KanikaCard" */ = {
			isa = XCConfigurationList;
			buildConfigurations = (
				EF8E6C0E24FAAA4300E3C2CA /* Debug */,
				EF8E6C0F24FAAA4300E3C2CA /* Release */,
			);
			defaultConfigurationIsVisible = 0;
			defaultConfigurationName = Release;
		};
/* End XCConfigurationList section */
	};
	rootObject = EF8E6BF124FAAA4000E3C2CA /* Project object */;
}
